
Microsoft Visual Studio Solution File, Format Version 12.00
# Visual Studio 15
VisualStudioVersion = 15.0.27130.2026
MinimumVisualStudioVersion = 10.0.40219.1
Project("{FAE04EC0-301F-11D3-BF4B-00C04F79EFBC}") = "GUI", "GUI\GUI.csproj", "{17494DDB-B21B-45E3-80FD-2C044D8FF6FA}"
EndProject
Global
	GlobalSection(SolutionConfigurationPlatforms) = preSolution
		Debug|Any CPU = Debug|Any CPU
		Release|Any CPU = Release|Any CPU
	EndGlobalSection
	GlobalSection(ProjectConfigurationPlatforms) = postSolution
		{17494DDB-B21B-45E3-80FD-2C044D8FF6FA}.Debug|Any CPU.ActiveCfg = Debug|Any CPU
		{17494DDB-B21B-45E3-80FD-2C044D8FF6FA}.Debug|Any CPU.Build.0 = Debug|Any CPU
		{17494DDB-B21B-45E3-80FD-2C044D8FF6FA}.Release|Any CPU.ActiveCfg = Release|Any CPU
		{17494DDB-B21B-45E3-80FD-2C044D8FF6FA}.Release|Any CPU.Build.0 = Release|Any CPU
	EndGlobalSection
	GlobalSection(SolutionProperties) = preSolution
		HideSolutionNode = FALSE
	EndGlobalSection
	GlobalSection(ExtensibilityGlobals) = postSolution
		SolutionGuid = {49C89B11-2DE6-46EC-9384-A22933D5D3F2}
	EndGlobalSection
EndGlobal
